{
  "name": "appointment-service",
  "version": "1.0.0",
  "lockfileVersion": 3,
  "requires": true,
  "packages": {
    "": {
      "name": "appointment-service",
      "version": "1.0.0",
      "license": "ISC",
      "dependencies": {
        "cookie-parser": "^1.4.7",
        "dotenv": "^17.3.1",
        "express": "^5.2.1",
        "jsonwebtoken": "^9.0.3",
        "pg": "^8.18.0",
        "pg-hstore": "^2.3.4",
        "sequelize": "^6.37.7",
        "uuid": "^13.0.0",
        "zod": "^4.3.6"
      },
      "devDependencies": {
        "@types/cookie-parser": "^1.4.10",
        "@types/express": "^5.0.6",
        "@types/jsonwebtoken": "^9.0.10",
        "@types/node": "^25.3.0",
        "sequelize-cli": "^6.6.5",
        "ts-node-dev": "^2.0.0",
        "typescript": "^5.9.3"
      }
    },
    "../../node_modules/.pnpm/@types+express@5.0.6/node_modules/@types/express": {
      "version": "5.0.6",
      "dev": true,
      "license": "MIT",
      "peer": true,
      "dependencies": {
        "@types/body-parser": "*",
        "@types/express-serve-static-core": "^5.0.0",
        "@types/serve-static": "^2"
      }
    },
    "../../node_modules/.pnpm/@types+jsonwebtoken@9.0.10/node_modules/@types/jsonwebtoken": {
      "version": "9.0.10",
      "dev": true,
      "license": "MIT",
      "dependencies": {
        "@types/ms": "*",
        "@types/node": "*"
      }
    },
    "../../node_modules/.pnpm/@types+node@25.3.0/node_modules/@types/node": {
      "version": "25.3.0",
      "dev": true,
      "license": "MIT",
      "dependencies": {
        "undici-types": "~7.18.0"
      }
    },
    "../../node_modules/.pnpm/cookie-parser@1.4.7/node_modules/cookie-parser": {
      "version": "1.4.7",
      "license": "MIT",
      "dependencies": {
        "cookie": "0.7.2",
        "cookie-signature": "1.0.6"
      },
      "devDependencies": {
        "eslint": "7.32.0",
        "eslint-config-standard": "14.1.1",
        "eslint-plugin-import": "2.25.2",
        "eslint-plugin-markdown": "2.2.1",
        "eslint-plugin-node": "11.1.0",
        "eslint-plugin-promise": "4.3.1",
        "eslint-plugin-standard": "4.1.0",
        "mocha": "9.2.1",
        "nyc": "15.1.0",
        "supertest": "6.1.6"
      },
      "engines": {
        "node": ">= 0.8.0"
      }
    },
    "../../node_modules/.pnpm/dotenv@17.3.1/node_modules/dotenv": {
      "version": "17.3.1",
      "license": "BSD-2-Clause",
      "devDependencies": {
        "@types/node": "^18.11.3",
        "decache": "^4.6.2",
        "sinon": "^14.0.1",
        "standard": "^17.0.0",
        "standard-version": "^9.5.0",
        "tap": "^19.2.0",
        "typescript": "^4.8.4"
      },
      "engines": {
        "node": ">=12"
      },
      "funding": {
        "url": "https://dotenvx.com"
      }
    },
    "../../node_modules/.pnpm/express@5.2.1/node_modules/express": {
      "version": "5.2.1",
      "license": "MIT",
      "dependencies": {
        "accepts": "^2.0.0",
        "body-parser": "^2.2.1",
        "content-disposition": "^1.0.0",
        "content-type": "^1.0.5",
        "cookie": "^0.7.1",
        "cookie-signature": "^1.2.1",
        "debug": "^4.4.0",
        "depd": "^2.0.0",
        "encodeurl": "^2.0.0",
        "escape-html": "^1.0.3",
        "etag": "^1.8.1",
        "finalhandler": "^2.1.0",
        "fresh": "^2.0.0",
        "http-errors": "^2.0.0",
        "merge-descriptors": "^2.0.0",
        "mime-types": "^3.0.0",
        "on-finished": "^2.4.1",
        "once": "^1.4.0",
        "parseurl": "^1.3.3",
        "proxy-addr": "^2.0.7",
        "qs": "^6.14.0",
        "range-parser": "^1.2.1",
        "router": "^2.2.0",
        "send": "^1.1.0",
        "serve-static": "^2.2.0",
        "statuses": "^2.0.1",
        "type-is": "^2.0.1",
        "vary": "^1.1.2"
      },
      "devDependencies": {
        "after": "0.8.2",
        "connect-redis": "^8.0.1",
        "cookie-parser": "1.4.7",
        "cookie-session": "2.1.1",
        "ejs": "^3.1.10",
        "eslint": "8.47.0",
        "express-session": "^1.18.1",
        "hbs": "4.2.0",
        "marked": "^15.0.3",
        "method-override": "3.0.0",
        "mocha": "^10.7.3",
        "morgan": "1.10.1",
        "nyc": "^17.1.0",
        "pbkdf2-password": "1.2.1",
        "supertest": "^6.3.0",
        "vhost": "~3.0.2"
      },
      "engines": {
        "node": ">= 18"
      },
      "funding": {
        "type": "opencollective",
        "url": "https://opencollective.com/express"
      }
    },
    "../../node_modules/.pnpm/jsonwebtoken@9.0.3/node_modules/jsonwebtoken": {
      "version": "9.0.3",
      "license": "MIT",
      "dependencies": {
        "jws": "^4.0.1",
        "lodash.includes": "^4.3.0",
        "lodash.isboolean": "^3.0.3",
        "lodash.isinteger": "^4.0.4",
        "lodash.isnumber": "^3.0.3",
        "lodash.isplainobject": "^4.0.6",
        "lodash.isstring": "^4.0.1",
        "lodash.once": "^4.0.0",
        "ms": "^2.1.1",
        "semver": "^7.5.4"
      },
      "devDependencies": {
        "atob": "^2.1.2",
        "chai": "^4.1.2",
        "conventional-changelog": "~1.1.0",
        "eslint": "^4.19.1",
        "mocha": "^5.2.0",
        "nsp": "^2.6.2",
        "nyc": "^11.9.0",
        "sinon": "^6.0.0"
      },
      "engines": {
        "node": ">=12",
        "npm": ">=6"
      }
    },
    "../../node_modules/.pnpm/pg-hstore@2.3.4/node_modules/pg-hstore": {
      "version": "2.3.4",
      "license": "MIT",
      "dependencies": {
        "underscore": "^1.13.1"
      },
      "devDependencies": {
        "mocha": "^2.1.0",
        "should": "^4.4.2"
      },
      "engines": {
        "node": ">= 0.8.x"
      }
    },
    "../../node_modules/.pnpm/pg@8.18.0/node_modules/pg": {
      "version": "8.18.0",
      "license": "MIT",
      "dependencies": {
        "pg-connection-string": "^2.11.0",
        "pg-pool": "^3.11.0",
        "pg-protocol": "^1.11.0",
        "pg-types": "2.2.0",
        "pgpass": "1.0.5"
      },
      "devDependencies": {
        "@cloudflare/vitest-pool-workers": "0.8.23",
        "@cloudflare/workers-types": "^4.20230404.0",
        "async": "2.6.4",
        "bluebird": "3.7.2",
        "co": "4.6.0",
        "pg-copy-streams": "0.3.0",
        "typescript": "^4.0.3",
        "vitest": "~3.0.9",
        "wrangler": "^3.x"
      },
      "engines": {
        "node": ">= 16.0.0"
      },
      "optionalDependencies": {
        "pg-cloudflare": "^1.3.0"
      },
      "peerDependencies": {
        "pg-native": ">=3.0.1"
      },
      "peerDependenciesMeta": {
        "pg-native": {
          "optional": true
        }
      }
    },
    "../../node_modules/.pnpm/sequelize-cli@6.6.5/node_modules/sequelize-cli": {
      "version": "6.6.5",
      "dev": true,
      "license": "MIT",
      "dependencies": {
        "fs-extra": "^9.1.0",
        "js-beautify": "1.15.4",
        "lodash": "^4.17.21",
        "picocolors": "^1.1.1",
        "resolve": "^1.22.1",
        "umzug": "^2.3.0",
        "yargs": "^16.2.0"
      },
      "bin": {
        "sequelize": "lib/sequelize",
        "sequelize-cli": "lib/sequelize"
      },
      "devDependencies": {
        "@babel/cli": "7.27.1",
        "@babel/core": "7.27.1",
        "@babel/preset-env": "7.27.1",
        "@babel/register": "7.27.1",
        "@commitlint/cli": "20.1.0",
        "@commitlint/config-angular": "20.0.0",
        "bluebird": "3.7.2",
        "eslint": "7.32.0",
        "eslint-config-prettier": "10.1.2",
        "eslint-plugin-prettier": "4.2.1",
        "expect.js": "0.3.1",
        "gulp": "4.0.2",
        "husky": "8.0.3",
        "lint-staged": "15.5.1",
        "mocha": "9.2.2",
        "mysql2": "3.2.0",
        "pg": "latest",
        "pg-hstore": "latest",
        "prettier": "2.8.8",
        "semver": "7.7.1",
        "sequelize": "6.37.7",
        "sqlite3": "latest",
        "through2": "4.0.2"
      },
      "engines": {
        "node": ">=10.0.0"
      }
    },
    "../../node_modules/.pnpm/sequelize@6.37.7_pg-hstore@2.3.4_pg@8.18.0/node_modules/sequelize": {
      "version": "6.37.7",
      "funding": [
        {
          "type": "opencollective",
          "url": "https://opencollective.com/sequelize"
        }
      ],
      "license": "MIT",
      "dependencies": {
        "@types/debug": "^4.1.8",
        "@types/validator": "^13.7.17",
        "debug": "^4.3.4",
        "dottie": "^2.0.6",
        "inflection": "^1.13.4",
        "lodash": "^4.17.21",
        "moment": "^2.29.4",
        "moment-timezone": "^0.5.43",
        "pg-connection-string": "^2.6.1",
        "retry-as-promised": "^7.0.4",
        "semver": "^7.5.4",
        "sequelize-pool": "^7.1.0",
        "toposort-class": "^1.0.1",
        "uuid": "^8.3.2",
        "validator": "^13.9.0",
        "wkx": "^0.5.0"
      },
      "devDependencies": {
        "@commitlint/cli": "^15.0.0",
        "@commitlint/config-angular": "^15.0.0",
        "@octokit/rest": "^18.12.0",
        "@octokit/types": "^6.34.0",
        "@types/chai": "^4.3.0",
        "@types/lodash": "4.14.197",
        "@types/mocha": "^9.0.0",
        "@types/node": "^16.11.17",
        "@types/sinon": "^10.0.6",
        "@typescript-eslint/eslint-plugin": "^5.8.1",
        "@typescript-eslint/parser": "^5.8.1",
        "acorn": "^8.7.0",
        "chai": "^4.3.7",
        "chai-as-promised": "^7.1.1",
        "chai-datetime": "^1.8.0",
        "cheerio": "^1.0.0-rc.10",
        "cls-hooked": "^4.2.2",
        "copyfiles": "^2.4.1",
        "cross-env": "^7.0.3",
        "delay": "^5.0.0",
        "esbuild": "0.14.3",
        "esdoc": "^1.1.0",
        "esdoc-ecmascript-proposal-plugin": "^1.0.0",
        "esdoc-inject-style-plugin": "^1.0.0",
        "esdoc-standard-plugin": "^1.0.0",
        "eslint": "^8.5.0",
        "eslint-plugin-jsdoc": "^37.4.0",
        "eslint-plugin-mocha": "^9.0.0",
        "expect-type": "^0.12.0",
        "fast-glob": "^3.2.7",
        "fs-jetpack": "^4.3.0",
        "husky": "^7.0.4",
        "ibm_db": "^2.8.1",
        "js-combinatorics": "^0.6.1",
        "lcov-result-merger": "^3.1.0",
        "lint-staged": "^12.1.4",
        "mariadb": "^2.5.5",
        "markdownlint-cli": "^0.30.0",
        "mocha": "^7.2.0",
        "module-alias": "^2.2.2",
        "mysql2": "^2.3.3",
        "node-hook": "^1.0.0",
        "nyc": "^15.1.0",
        "oracledb": "^5.5.0",
        "p-map": "^4.0.0",
        "p-props": "^4.0.0",
        "p-settle": "^4.1.1",
        "p-timeout": "^4.0.0",
        "pg": "^8.7.1",
        "pg-hstore": "^2.3.4",
        "rimraf": "^3.0.2",
        "semantic-release": "^18.0.1",
        "semantic-release-fail-on-major-bump": "^1.0.0",
        "sinon": "^12.0.1",
        "sinon-chai": "^3.7.0",
        "snowflake-sdk": "^1.6.6",
        "source-map-support": "^0.5.21",
        "sqlite3": "^5.1.6",
        "tedious": "8.3.0",
        "typescript": "^4.5.4"
      },
      "engines": {
        "node": ">=10.0.0"
      },
      "peerDependenciesMeta": {
        "ibm_db": {
          "optional": true
        },
        "mariadb": {
          "optional": true
        },
        "mysql2": {
          "optional": true
        },
        "oracledb": {
          "optional": true
        },
        "pg": {
          "optional": true
        },
        "pg-hstore": {
          "optional": true
        },
        "snowflake-sdk": {
          "optional": true
        },
        "sqlite3": {
          "optional": true
        },
        "tedious": {
          "optional": true
        }
      }
    },
    "../../node_modules/.pnpm/ts-node-dev@2.0.0_@types+node@25.3.0_typescript@5.9.3/node_modules/ts-node-dev": {
      "version": "2.0.0",
      "dev": true,
      "license": "MIT",
      "dependencies": {
        "chokidar": "^3.5.1",
        "dynamic-dedupe": "^0.3.0",
        "minimist": "^1.2.6",
        "mkdirp": "^1.0.4",
        "resolve": "^1.0.0",
        "rimraf": "^2.6.1",
        "source-map-support": "^0.5.12",
        "tree-kill": "^1.2.2",
        "ts-node": "^10.4.0",
        "tsconfig": "^7.0.0"
      },
      "bin": {
        "ts-node-dev": "lib/bin.js",
        "tsnd": "lib/bin.js"
      },
      "devDependencies": {
        "@types/chai": "^4.2.12",
        "@types/chokidar": "^2.1.3",
        "@types/fs-extra": "^9.0.1",
        "@types/minimist": "^1.2.0",
        "@types/mkdirp": "^1.0.1",
        "@types/mocha": "github:whitecolor/mocha-types",
        "@types/node": "^14.6.0",
        "@types/rimraf": "^3.0.0",
        "@types/tape": "^4.13.0",
        "@types/touch": "^3.1.1",
        "@types/ts-nameof": "^4.2.1",
        "@whitecolor/eslint-config": "^1.0.0",
        "chai": "^4.2.0",
        "chalk": "^4.1.0",
        "coffee-script": "^1.8.0",
        "eslint": "^7.7.0",
        "esm": "^3.2.22",
        "fs-extra": "^9.0.1",
        "mocha": "^8.1.1",
        "np": "^7.6.1",
        "tap": "^5.2.0",
        "tape": "^5.0.1",
        "touch": "^1.0.0",
        "ts-nameof": "^5.0.0",
        "tsconfig-paths": "^3.3.1",
        "ttypescript": "^1.5.10",
        "typescript": "^3.9.5"
      },
      "engines": {
        "node": ">=0.8.0"
      },
      "peerDependencies": {
        "node-notifier": "*",
        "typescript": "*"
      },
      "peerDependenciesMeta": {
        "node-notifier": {
          "optional": true
        }
      }
    },
    "../../node_modules/.pnpm/typescript@5.9.3/node_modules/typescript": {
      "version": "5.9.3",
      "dev": true,
      "license": "Apache-2.0",
      "bin": {
        "tsc": "bin/tsc",
        "tsserver": "bin/tsserver"
      },
      "devDependencies": {
        "@dprint/formatter": "^0.4.1",
        "@dprint/typescript": "0.93.4",
        "@esfx/canceltoken": "^1.0.0",
        "@eslint/js": "^9.20.0",
        "@octokit/rest": "^21.1.1",
        "@types/chai": "^4.3.20",
        "@types/diff": "^7.0.1",
        "@types/minimist": "^1.2.5",
        "@types/mocha": "^10.0.10",
        "@types/ms": "^0.7.34",
        "@types/node": "latest",
        "@types/source-map-support": "^0.5.10",
        "@types/which": "^3.0.4",
        "@typescript-eslint/rule-tester": "^8.24.1",
        "@typescript-eslint/type-utils": "^8.24.1",
        "@typescript-eslint/utils": "^8.24.1",
        "azure-devops-node-api": "^14.1.0",
        "c8": "^10.1.3",
        "chai": "^4.5.0",
        "chokidar": "^4.0.3",
        "diff": "^7.0.0",
        "dprint": "^0.49.0",
        "esbuild": "^0.25.0",
        "eslint": "^9.20.1",
        "eslint-formatter-autolinkable-stylish": "^1.4.0",
        "eslint-plugin-regexp": "^2.7.0",
        "fast-xml-parser": "^4.5.2",
        "glob": "^10.4.5",
        "globals": "^15.15.0",
        "hereby": "^1.10.0",
        "jsonc-parser": "^3.3.1",
        "knip": "^5.44.4",
        "minimist": "^1.2.8",
        "mocha": "^10.8.2",
        "mocha-fivemat-progress-reporter": "^0.1.0",
        "monocart-coverage-reports": "^2.12.1",
        "ms": "^2.1.3",
        "picocolors": "^1.1.1",
        "playwright": "^1.50.1",
        "source-map-support": "^0.5.21",
        "tslib": "^2.8.1",
        "typescript": "^5.7.3",
        "typescript-eslint": "^8.24.1",
        "which": "^3.0.1"
      },
      "engines": {
        "node": ">=14.17"
      }
    },
    "../../node_modules/.pnpm/uuid@13.0.0/node_modules/uuid": {
      "version": "13.0.0",
      "funding": [
        "https://github.com/sponsors/broofa",
        "https://github.com/sponsors/ctavan"
      ],
      "license": "MIT",
      "bin": {
        "uuid": "dist-node/bin/uuid"
      },
      "devDependencies": {
        "@babel/eslint-parser": "7.27.1",
        "@commitlint/cli": "19.8.0",
        "@commitlint/config-conventional": "19.8.0",
        "@eslint/js": "9.26.0",
        "bundlewatch": "0.4.1",
        "commander": "13.1.0",
        "eslint": "9.26.0",
        "eslint-config-prettier": "10.1.2",
        "eslint-plugin-prettier": "5.4.0",
        "globals": "16.0.0",
        "husky": "9.1.7",
        "jest": "29.7.0",
        "lint-staged": "15.5.2",
        "neostandard": "0.12.1",
        "npm-run-all": "4.1.5",
        "prettier": "3.5.3",
        "release-please": "17.0.0",
        "runmd": "1.4.1",
        "standard-version": "9.5.0",
        "typescript": "5.2.2",
        "typescript-eslint": "8.32.0"
      }
    },
    "../../node_modules/.pnpm/zod@4.3.6/node_modules/zod": {
      "version": "4.3.6",
      "license": "MIT",
      "funding": {
        "url": "https://github.com/sponsors/colinhacks"
      }
    },
    "node_modules/@types/cookie-parser": {
      "version": "1.4.10",
      "resolved": "https://registry.npmjs.org/@types/cookie-parser/-/cookie-parser-1.4.10.tgz",
      "integrity": "sha512-B4xqkqfZ8Wek+rCOeRxsjMS9OgvzebEzzLYw7NHYuvzb7IdxOkI0ZHGgeEBX4PUM7QGVvNSK60T3OvWj3YfBRg==",
      "dev": true,
      "license": "MIT",
      "peerDependencies": {
        "@types/express": "*"
      }
    },
    "node_modules/@types/express": {
      "resolved": "../../node_modules/.pnpm/@types+express@5.0.6/node_modules/@types/express",
      "link": true
    },
    "node_modules/@types/jsonwebtoken": {
      "resolved": "../../node_modules/.pnpm/@types+jsonwebtoken@9.0.10/node_modules/@types/jsonwebtoken",
      "link": true
    },
    "node_modules/@types/node": {
      "resolved": "../../node_modules/.pnpm/@types+node@25.3.0/node_modules/@types/node",
      "link": true
    },
    "node_modules/cookie-parser": {
      "resolved": "../../node_modules/.pnpm/cookie-parser@1.4.7/node_modules/cookie-parser",
      "link": true
    },
    "node_modules/dotenv": {
      "resolved": "../../node_modules/.pnpm/dotenv@17.3.1/node_modules/dotenv",
      "link": true
    },
    "node_modules/express": {
      "resolved": "../../node_modules/.pnpm/express@5.2.1/node_modules/express",
      "link": true
    },
    "node_modules/jsonwebtoken": {
      "resolved": "../../node_modules/.pnpm/jsonwebtoken@9.0.3/node_modules/jsonwebtoken",
      "link": true
    },
    "node_modules/pg": {
      "resolved": "../../node_modules/.pnpm/pg@8.18.0/node_modules/pg",
      "link": true
    },
    "node_modules/pg-hstore": {
      "resolved": "../../node_modules/.pnpm/pg-hstore@2.3.4/node_modules/pg-hstore",
      "link": true
    },
    "node_modules/sequelize": {
      "resolved": "../../node_modules/.pnpm/sequelize@6.37.7_pg-hstore@2.3.4_pg@8.18.0/node_modules/sequelize",
      "link": true
    },
    "node_modules/sequelize-cli": {
      "resolved": "../../node_modules/.pnpm/sequelize-cli@6.6.5/node_modules/sequelize-cli",
      "link": true
    },
    "node_modules/ts-node-dev": {
      "resolved": "../../node_modules/.pnpm/ts-node-dev@2.0.0_@types+node@25.3.0_typescript@5.9.3/node_modules/ts-node-dev",
      "link": true
    },
    "node_modules/typescript": {
      "resolved": "../../node_modules/.pnpm/typescript@5.9.3/node_modules/typescript",
      "link": true
    },
    "node_modules/uuid": {
      "resolved": "../../node_modules/.pnpm/uuid@13.0.0/node_modules/uuid",
      "link": true
    },
    "node_modules/zod": {
      "resolved": "../../node_modules/.pnpm/zod@4.3.6/node_modules/zod",
      "link": true
    }
  }
}
